// !$*UTF8*$!
{
	archiveVersion = 1;
	classes = {
	};
	objectVersion = 46;
	objects = {

/* Begin PBXBuildFile section */
		84163CE01CDC9299001B3944 /* main.m in Sources */ = {isa = PBXBuildFile; fileRef = 84163CDF1CDC9299001B3944 /* main.m */; };
		84163CE31CDC9299001B3944 /* AppDelegate.m in Sources */ = {isa = PBXBuildFile; fileRef = 84163CE21CDC9299001B3944 /* AppDelegate.m */; };
		84163CE61CDC9299001B3944 /* ViewController.m in Sources */ = {isa = PBXBuildFile; fileRef = 84163CE51CDC9299001B3944 /* ViewController.m */; };
		84163CE91CDC9299001B3944 /* Main.storyboard in Resources */ = {isa = PBXBuildFile; fileRef = 84163CE71CDC9299001B3944 /* Main.storyboard */; };
		84163CEB1CDC9299001B3944 /* Assets.xcassets in Resources */ = {isa = PBXBuildFile; fileRef = 84163CEA1CDC9299001B3944 /* Assets.xcassets */; };
		84163CEE1CDC9299001B3944 /* LaunchScreen.storyboard in Resources */ = {isa = PBXBuildFile; fileRef = 84163CEC1CDC9299001B3944 /* LaunchScreen.storyboard */; };
		84163CF91CDC9299001B3944 /* KVBadgeTests.m in Sources */ = {isa = PBXBuildFile; fileRef = 84163CF81CDC9299001B3944 /* KVBadgeTests.m */; };
		84163D041CDC929A001B3944 /* KVBadgeUITests.m in Sources */ = {isa = PBXBuildFile; fileRef = 84163D031CDC929A001B3944 /* KVBadgeUITests.m */; };
		84163D131CDC9338001B3944 /* UIView+KVBadge.m in Sources */ = {isa = PBXBuildFile; fileRef = 84163D121CDC9338001B3944 /* UIView+KVBadge.m */; };
/* End PBXBuildFile section */

/* Begin PBXContainerItemProxy section */
		84163CF51CDC9299001B3944 /* PBXContainerItemProxy */ = {
			isa = PBXContainerItemProxy;
			containerPortal = 84163CD31CDC9299001B3944 /* Project object */;
			proxyType = 1;
			remoteGlobalIDString = 84163CDA1CDC9299001B3944;
			remoteInfo = KVBadge;
		};
		84163D001CDC9299001B3944 /* PBXContainerItemProxy */ = {
			isa = PBXContainerItemProxy;
			containerPortal = 84163CD31CDC9299001B3944 /* Project object */;
			proxyType = 1;
			remoteGlobalIDString = 84163CDA1CDC9299001B3944;
			remoteInfo = KVBadge;
		};
/* End PBXContainerItemProxy section */

/* Begin PBXFileReference section */
		84163CDB1CDC9299001B3944 /* KVBadge.app */ = {isa = PBXFileReference; explicitFileType = wrapper.application; includeInIndex = 0; path = KVBadge.app; sourceTree = BUILT_PRODUCTS_DIR; };
		84163CDF1CDC9299001B3944 /* main.m */ = {isa = PBXFileReference; lastKnownFileType = sourcecode.c.objc; path = main.m; sourceTree = "<group>"; };
		84163CE11CDC9299001B3944 /* AppDelegate.h */ = {isa = PBXFileReference; lastKnownFileType = sourcecode.c.h; path = AppDelegate.h; sourceTree = "<group>"; };
		84163CE21CDC9299001B3944 /* AppDelegate.m */ = {isa = PBXFileReference; lastKnownFileType = sourcecode.c.objc; path = AppDelegate.m; sourceTree = "<group>"; };
		84163CE41CDC9299001B3944 /* ViewController.h */ = {isa = PBXFileReference; lastKnownFileType = sourcecode.c.h; path = ViewController.h; sourceTree = "<group>"; };
		84163CE51CDC9299001B3944 /* ViewController.m */ = {isa = PBXFileReference; lastKnownFileType = sourcecode.c.objc; path = ViewController.m; sourceTree = "<group>"; };
		84163CE81CDC9299001B3944 /* Base */ = {isa = PBXFileReference; lastKnownFileType = file.storyboard; name = Base; path = Base.lproj/Main.storyboard; sourceTree = "<group>"; };
		84163CEA1CDC9299001B3944 /* Assets.xcassets */ = {isa = PBXFileReference; lastKnownFileType = folder.assetcatalog; path = Assets.xcassets; sourceTree = "<group>"; };
		84163CED1CDC9299001B3944 /* Base */ = {isa = PBXFileReference; lastKnownFileType = file.storyboard; name = Base; path = Base.lproj/LaunchScreen.storyboard; sourceTree = "<group>"; };
		84163CEF1CDC9299001B3944 /* Info.plist */ = {isa = PBXFileReference; lastKnownFileType = text.plist.xml; path = Info.plist; sourceTree = "<group>"; };
		84163CF41CDC9299001B3944 /* KVBadgeTests.xctest */ = {isa = PBXFileReference; explicitFileType = wrapper.cfbundle; includeInIndex = 0; path = KVBadgeTests.xctest; sourceTree = BUILT_PRODUCTS_DIR; };
		84163CF81CDC9299001B3944 /* KVBadgeTests.m */ = {isa = PBXFileReference; lastKnownFileType = sourcecode.c.objc; path = KVBadgeTests.m; sourceTree = "<group>"; };
		84163CFA1CDC9299001B3944 /* Info.plist */ = {isa = PBXFileReference; lastKnownFileType = text.plist.xml; path = Info.plist; sourceTree = "<group>"; };
		84163CFF1CDC9299001B3944 /* KVBadgeUITests.xctest */ = {isa = PBXFileReference; explicitFileType = wrapper.cfbundle; includeInIndex = 0; path = KVBadgeUITests.xctest; sourceTree = BUILT_PRODUCTS_DIR; };
		84163D031CDC929A001B3944 /* KVBadgeUITests.m */ = {isa = PBXFileReference; lastKnownFileType = sourcecode.c.objc; path = KVBadgeUITests.m; sourceTree = "<group>"; };
		84163D051CDC929A001B3944 /* Info.plist */ = {isa = PBXFileReference; lastKnownFileType = text.plist.xml; path = Info.plist; sourceTree = "<group>"; };
		84163D111CDC9338001B3944 /* UIView+KVBadge.h */ = {isa = PBXFileReference; fileEncoding = 4; lastKnownFileType = sourcecode.c.h; path = "UIView+KVBadge.h"; sourceTree = "<group>"; };
		84163D121CDC9338001B3944 /* UIView+KVBadge.m */ = {isa = PBXFileReference; fileEncoding = 4; lastKnownFileType = sourcecode.c.objc; path = "UIView+KVBadge.m"; sourceTree = "<group>"; };
/* End PBXFileReference section */

/* Begin PBXFrameworksBuildPhase section */
		84163CD81CDC9299001B3944 /* Frameworks */ = {
			isa = PBXFrameworksBuildPhase;
			buildActionMask = 2147483647;
			files = (
			);
			runOnlyForDeploymentPostprocessing = 0;
		};
		84163CF11CDC9299001B3944 /* Frameworks */ = {
			isa = PBXFrameworksBuildPhase;
			buildActionMask = 2147483647;
			files = (
			);
			runOnlyForDeploymentPostprocessing = 0;
		};
		84163CFC1CDC9299001B3944 /* Frameworks */ = {
			isa = PBXFrameworksBuildPhase;
			buildActionMask = 2147483647;
			files = (
			);
			runOnlyForDeploymentPostprocessing = 0;
		};
/* End PBXFrameworksBuildPhase section */

/* Begin PBXGroup section */
		84163CD21CDC9299001B3944 = {
			isa = PBXGroup;
			children = (
				84163CDD1CDC9299001B3944 /* KVBadge */,
				84163CF71CDC9299001B3944 /* KVBadgeTests */,
				84163D021CDC929A001B3944 /* KVBadgeUITests */,
				84163CDC1CDC9299001B3944 /* Products */,
			);
			sourceTree = "<group>";
		};
		84163CDC1CDC9299001B3944 /* Products */ = {
			isa = PBXGroup;
			children = (
				84163CDB1CDC9299001B3944 /* KVBadge.app */,
				84163CF41CDC9299001B3944 /* KVBadgeTests.xctest */,
				84163CFF1CDC9299001B3944 /* KVBadgeUITests.xctest */,
			);
			name = Products;
			sourceTree = "<group>";
		};
		84163CDD1CDC9299001B3944 /* KVBadge */ = {
			isa = PBXGroup;
			children = (
				84163CE11CDC9299001B3944 /* AppDelegate.h */,
				84163CE21CDC9299001B3944 /* AppDelegate.m */,
				84163CE41CDC9299001B3944 /* ViewController.h */,
				84163CE51CDC9299001B3944 /* ViewController.m */,
				84163D111CDC9338001B3944 /* UIView+KVBadge.h */,
				84163D121CDC9338001B3944 /* UIView+KVBadge.m */,
				84163CE71CDC9299001B3944 /* Main.storyboard */,
				84163CEA1CDC9299001B3944 /* Assets.xcassets */,
				84163CEC1CDC9299001B3944 /* LaunchScreen.storyboard */,
				84163CEF1CDC9299001B3944 /* Info.plist */,
				84163CDE1CDC9299001B3944 /* Supporting Files */,
			);
			path = KVBadge;
			sourceTree = "<group>";
		};
		84163CDE1CDC9299001B3944 /* Supporting Files */ = {
			isa = PBXGroup;
			children = (
				84163CDF1CDC9299001B3944 /* main.m */,
			);
			name = "Supporting Files";
			sourceTree = "<group>";
		};
		84163CF71CDC9299001B3944 /* KVBadgeTests */ = {
			isa = PBXGroup;
			children = (
				84163CF81CDC9299001B3944 /* KVBadgeTests.m */,
				84163CFA1CDC9299001B3944 /* Info.plist */,
			);
			path = KVBadgeTests;
			sourceTree = "<group>";
		};
		84163D021CDC929A001B3944 /* KVBadgeUITests */ = {
			isa = PBXGroup;
			children = (
				84163D031CDC929A001B3944 /* KVBadgeUITests.m */,
				84163D051CDC929A001B3944 /* Info.plist */,
			);
			path = KVBadgeUITests;
			sourceTree = "<group>";
		};
/* End PBXGroup section */

/* Begin PBXNativeTarget section */
		84163CDA1CDC9299001B3944 /* KVBadge */ = {
			isa = PBXNativeTarget;
			buildConfigurationList = 84163D081CDC929A001B3944 /* Build configuration list for PBXNativeTarget "KVBadge" */;
			buildPhases = (
				84163CD71CDC9299001B3944 /* Sources */,
				84163CD81CDC9299001B3944 /* Frameworks */,
				84163CD91CDC9299001B3944 /* Resources */,
			);
			buildRules = (
			);
			dependencies = (
			);
			name = KVBadge;
			productName = KVBadge;
			productReference = 84163CDB1CDC9299001B3944 /* KVBadge.app */;
			productType = "com.apple.product-type.application";
		};
		84163CF31CDC9299001B3944 /* KVBadgeTests */ = {
			isa = PBXNativeTarget;
			buildConfigurationList = 84163D0B1CDC929A001B3944 /* Build configuration list for PBXNativeTarget "KVBadgeTests" */;
			buildPhases = (
				84163CF01CDC9299001B3944 /* Sources */,
				84163CF11CDC9299001B3944 /* Frameworks */,
				84163CF21CDC9299001B3944 /* Resources */,
			);
			buildRules = (
			);
			dependencies = (
				84163CF61CDC9299001B3944 /* PBXTargetDependency */,
			);
			name = KVBadgeTests;
			productName = KVBadgeTests;
			productReference = 84163CF41CDC9299001B3944 /* KVBadgeTests.xctest */;
			productType = "com.apple.product-type.bundle.unit-test";
		};
		84163CFE1CDC9299001B3944 /* KVBadgeUITests */ = {
			isa = PBXNativeTarget;
			buildConfigurationList = 84163D0E1CDC929A001B3944 /* Build configuration list for PBXNativeTarget "KVBadgeUITests" */;
			buildPhases = (
				84163CFB1CDC9299001B3944 /* Sources */,
				84163CFC1CDC9299001B3944 /* Frameworks */,
				84163CFD1CDC9299001B3944 /* Resources */,
			);
			buildRules = (
			);
			dependencies = (
				84163D011CDC9299001B3944 /* PBXTargetDependency */,
			);
			name = KVBadgeUITests;
			productName = KVBadgeUITests;
			productReference = 84163CFF1CDC9299001B3944 /* KVBadgeUITests.xctest */;
			productType = "com.apple.product-type.bundle.ui-testing";
		};
/* End PBXNativeTarget section */

/* Begin PBXProject section */
		84163CD31CDC9299001B3944 /* Project object */ = {
			isa = PBXProject;
			attributes = {
				LastUpgradeCheck = 0720;
				ORGANIZATIONNAME = admin;
				TargetAttributes = {
					84163CDA1CDC9299001B3944 = {
						CreatedOnToolsVersion = 7.2;
					};
					84163CF31CDC9299001B3944 = {
						CreatedOnToolsVersion = 7.2;
						TestTargetID = 84163CDA1CDC9299001B3944;
					};
					84163CFE1CDC9299001B3944 = {
						CreatedOnToolsVersion = 7.2;
						TestTargetID = 84163CDA1CDC9299001B3944;
					};
				};
			};
			buildConfigurationList = 84163CD61CDC9299001B3944 /* Build configuration list for PBXProject "KVBadge" */;
			compatibilityVersion = "Xcode 3.2";
			developmentRegion = English;
			hasScannedForEncodings = 0;
			knownRegions = (
				en,
				Base,
			);
			mainGroup = 84163CD21CDC9299001B3944;
			productRefGroup = 84163CDC1CDC9299001B3944 /* Products */;
			projectDirPath = "";
			projectRoot = "";
			targets = (
				84163CDA1CDC9299001B3944 /* KVBadge */,
				84163CF31CDC9299001B3944 /* KVBadgeTests */,
				84163CFE1CDC9299001B3944 /* KVBadgeUITests */,
			);
		};
/* End PBXProject section */

/* Begin PBXResourcesBuildPhase section */
		84163CD91CDC9299001B3944 /* Resources */ = {
			isa = PBXResourcesBuildPhase;
			buildActionMask = 2147483647;
			files = (
				84163CEE1CDC9299001B3944 /* LaunchScreen.storyboard in Resources */,
				84163CEB1CDC9299001B3944 /* Assets.xcassets in Resources */,
				84163CE91CDC9299001B3944 /* Main.storyboard in Resources */,
			);
			runOnlyForDeploymentPostprocessing = 0;
		};
		84163CF21CDC9299001B3944 /* Resources */ = {
			isa = PBXResourcesBuildPhase;
			buildActionMask = 2147483647;
			files = (
			);
			runOnlyForDeploymentPostprocessing = 0;
		};
		84163CFD1CDC9299001B3944 /* Resources */ = {
			isa = PBXResourcesBuildPhase;
			buildActionMask = 2147483647;
			files = (
			);
			runOnlyForDeploymentPostprocessing = 0;
		};
/* End PBXResourcesBuildPhase section */

/* Begin PBXSourcesBuildPhase section */
		84163CD71CDC9299001B3944 /* Sources */ = {
			isa = PBXSourcesBuildPhase;
			buildActionMask = 2147483647;
			files = (
				84163CE61CDC9299001B3944 /* ViewController.m in Sources */,
				84163CE31CDC9299001B3944 /* AppDelegate.m in Sources */,
				84163CE01CDC9299001B3944 /* main.m in Sources */,
				84163D131CDC9338001B3944 /* UIView+KVBadge.m in Sources */,
			);
			runOnlyForDeploymentPostprocessing = 0;
		};
		84163CF01CDC9299001B3944 /* Sources */ = {
			isa = PBXSourcesBuildPhase;
			buildActionMask = 2147483647;
			files = (
				84163CF91CDC9299001B3944 /* KVBadgeTests.m in Sources */,
			);
			runOnlyForDeploymentPostprocessing = 0;
		};
		84163CFB1CDC9299001B3944 /* Sources */ = {
			isa = PBXSourcesBuildPhase;
			buildActionMask = 2147483647;
			files = (
				84163D041CDC929A001B3944 /* KVBadgeUITests.m in Sources */,
			);
			runOnlyForDeploymentPostprocessing = 0;
		};
/* End PBXSourcesBuildPhase section */

/* Begin PBXTargetDependency section */
		84163CF61CDC9299001B3944 /* PBXTargetDependency */ = {
			isa = PBXTargetDependency;
			target = 84163CDA1CDC9299001B3944 /* KVBadge */;
			targetProxy = 84163CF51CDC9299001B3944 /* PBXContainerItemProxy */;
		};
		84163D011CDC9299001B3944 /* PBXTargetDependency */ = {
			isa = PBXTargetDependency;
			target = 84163CDA1CDC9299001B3944 /* KVBadge */;
			targetProxy = 84163D001CDC9299001B3944 /* PBXContainerItemProxy */;
		};
/* End PBXTargetDependency section */

/* Begin PBXVariantGroup section */
		84163CE71CDC9299001B3944 /* Main.storyboard */ = {
			isa = PBXVariantGroup;
			children = (
				84163CE81CDC9299001B3944 /* Base */,
			);
			name = Main.storyboard;
			sourceTree = "<group>";
		};
		84163CEC1CDC9299001B3944 /* LaunchScreen.storyboard */ = {
			isa = PBXVariantGroup;
			children = (
				84163CED1CDC9299001B3944 /* Base */,
			);
			name = LaunchScreen.storyboard;
			sourceTree = "<group>";
		};
/* End PBXVariantGroup section */

/* Begin XCBuildConfiguration section */
		84163D061CDC929A001B3944 /* Debug */ = {
			isa = XCBuildConfiguration;
			buildSettings = {
				ALWAYS_SEARCH_USER_PATHS = NO;
				CLANG_CXX_LANGUAGE_STANDARD = "gnu++0x";
				CLANG_CXX_LIBRARY = "libc++";
				CLANG_ENABLE_MODULES = YES;
				CLANG_ENABLE_OBJC_ARC = YES;
				CLANG_WARN_BOOL_CONVERSION = YES;
				CLANG_WARN_CONSTANT_CONVERSION = YES;
				CLANG_WARN_DIRECT_OBJC_ISA_USAGE = YES_ERROR;
				CLANG_WARN_EMPTY_BODY = YES;
				CLANG_WARN_ENUM_CONVERSION = YES;
				CLANG_WARN_INT_CONVERSION = YES;
				CLANG_WARN_OBJC_ROOT_CLASS = YES_ERROR;
				CLANG_WARN_UNREACHABLE_CODE = YES;
				CLANG_WARN__DUPLICATE_METHOD_MATCH = YES;
				"CODE_SIGN_IDENTITY[sdk=iphoneos*]" = "iPhone Developer";
				COPY_PHASE_STRIP = NO;
				DEBUG_INFORMATION_FORMAT = dwarf;
				ENABLE_STRICT_OBJC_MSGSEND = YES;
				ENABLE_TESTABILITY = YES;
				GCC_C_LANGUAGE_STANDARD = gnu99;
				GCC_DYNAMIC_NO_PIC = NO;
				GCC_NO_COMMON_BLOCKS = YES;
				GCC_OPTIMIZATION_LEVEL = 0;
				GCC_PREPROCESSOR_DEFINITIONS = (
					"DEBUG=1",
					"$(inherited)",
				);
				GCC_WARN_64_TO_32_BIT_CONVERSION = YES;
				GCC_WARN_ABOUT_RETURN_TYPE = YES_ERROR;
				GCC_WARN_UNDECLARED_SELECTOR = YES;
				GCC_WARN_UNINITIALIZED_AUTOS = YES_AGGRESSIVE;
				GCC_WARN_UNUSED_FUNCTION = YES;
				GCC_WARN_UNUSED_VARIABLE = YES;
				IPHONEOS_DEPLOYMENT_TARGET = 9.2;
				MTL_ENABLE_DEBUG_INFO = YES;
				ONLY_ACTIVE_ARCH = YES;
				SDKROOT = iphoneos;
				TARGETED_DEVICE_FAMILY = "1,2";
			};
			name = Debug;
		};
		84163D071CDC929A001B3944 /* Release */ = {
			isa = XCBuildConfiguration;
			buildSettings = {
				ALWAYS_SEARCH_USER_PATHS = NO;
				CLANG_CXX_LANGUAGE_STANDARD = "gnu++0x";
				CLANG_CXX_LIBRARY = "libc++";
				CLANG_ENABLE_MODULES = YES;
				CLANG_ENABLE_OBJC_ARC = YES;
				CLANG_WARN_BOOL_CONVERSION = YES;
				CLANG_WARN_CONSTANT_CONVERSION = YES;
				CLANG_WARN_DIRECT_OBJC_ISA_USAGE = YES_ERROR;
				CLANG_WARN_EMPTY_BODY = YES;
				CLANG_WARN_ENUM_CONVERSION = YES;
				CLANG_WARN_INT_CONVERSION = YES;
				CLANG_WARN_OBJC_ROOT_CLASS = YES_ERROR;
				CLANG_WARN_UNREACHABLE_CODE = YES;
				CLANG_WARN__DUPLICATE_METHOD_MATCH = YES;
				"CODE_SIGN_IDENTITY[sdk=iphoneos*]" = "iPhone Developer";
				COPY_PHASE_STRIP = NO;
				DEBUG_INFORMATION_FORMAT = "dwarf-with-dsym";
				ENABLE_NS_ASSERTIONS = NO;
				ENABLE_STRICT_OBJC_MSGSEND = YES;
				GCC_C_LANGUAGE_STANDARD = gnu99;
				GCC_NO_COMMON_BLOCKS = YES;
				GCC_WARN_64_TO_32_BIT_CONVERSION = YES;
				GCC_WARN_ABOUT_RETURN_TYPE = YES_ERROR;
				GCC_WARN_UNDECLARED_SELECTOR = YES;
				GCC_WARN_UNINITIALIZED_AUTOS = YES_AGGRESSIVE;
				GCC_WARN_UNUSED_FUNCTION = YES;
				GCC_WARN_UNUSED_VARIABLE = YES;
				IPHONEOS_DEPLOYMENT_TARGET = 9.2;
				MTL_ENABLE_DEBUG_INFO = NO;
				SDKROOT = iphoneos;
				TARGETED_DEVICE_FAMILY = "1,2";
				VALIDATE_PRODUCT = YES;
			};
			name = Release;
		};
		84163D091CDC929A001B3944 /* Debug */ = {
			isa = XCBuildConfiguration;
			buildSettings = {
				ASSETCATALOG_COMPILER_APPICON_NAME = AppIcon;
				INFOPLIST_FILE = KVBadge/Info.plist;
				LD_RUNPATH_SEARCH_PATHS = "$(inherited) @executable_path/Frameworks";
				PRODUCT_BUNDLE_IDENTIFIER = com.kevin.KVBadge;
				PRODUCT_NAME = "$(TARGET_NAME)";
			};
			name = Debug;
		};
		84163D0A1CDC929A001B3944 /* Release */ = {
			isa = XCBuildConfiguration;
			buildSettings = {
				ASSETCATALOG_COMPILER_APPICON_NAME = AppIcon;
				INFOPLIST_FILE = KVBadge/Info.plist;
				LD_RUNPATH_SEARCH_PATHS = "$(inherited) @executable_path/Frameworks";
				PRODUCT_BUNDLE_IDENTIFIER = com.kevin.KVBadge;
				PRODUCT_NAME = "$(TARGET_NAME)";
			};
			name = Release;
		};
		84163D0C1CDC929A001B3944 /* Debug */ = {
			isa = XCBuildConfiguration;
			buildSettings = {
				BUNDLE_LOADER = "$(TEST_HOST)";
				INFOPLIST_FILE = KVBadgeTests/Info.plist;
				LD_RUNPATH_SEARCH_PATHS = "$(inherited) @executable_path/Frameworks @loader_path/Frameworks";
				PRODUCT_BUNDLE_IDENTIFIER = com.kevin.KVBadgeTests;
				PRODUCT_NAME = "$(TARGET_NAME)";
				TEST_HOST = "$(BUILT_PRODUCTS_DIR)/KVBadge.app/KVBadge";
			};
			name = Debug;
		};
		84163D0D1CDC929A001B3944 /* Release */ = {
			isa = XCBuildConfiguration;
			buildSettings = {
				BUNDLE_LOADER = "$(TEST_HOST)";
				INFOPLIST_FILE = KVBadgeTests/Info.plist;
				LD_RUNPATH_SEARCH_PATHS = "$(inherited) @executable_path/Frameworks @loader_path/Frameworks";
				PRODUCT_BUNDLE_IDENTIFIER = com.kevin.KVBadgeTests;
				PRODUCT_NAME = "$(TARGET_NAME)";
				TEST_HOST = "$(BUILT_PRODUCTS_DIR)/KVBadge.app/KVBadge";
			};
			name = Release;
		};
		84163D0F1CDC929A001B3944 /* Debug */ = {
			isa = XCBuildConfiguration;
			buildSettings = {
				INFOPLIST_FILE = KVBadgeUITests/Info.plist;
				LD_RUNPATH_SEARCH_PATHS = "$(inherited) @executable_path/Frameworks @loader_path/Frameworks";
				PRODUCT_BUNDLE_IDENTIFIER = com.kevin.KVBadgeUITests;
				PRODUCT_NAME = "$(TARGET_NAME)";
				TEST_TARGET_NAME = KVBadge;
				USES_XCTRUNNER = YES;
			};
			name = Debug;
		};
		84163D101CDC929A001B3944 /* Release */ = {
			isa = XCBuildConfiguration;
			buildSettings = {
				INFOPLIST_FILE = KVBadgeUITests/Info.plist;
				LD_RUNPATH_SEARCH_PATHS = "$(inherited) @executable_path/Frameworks @loader_path/Frameworks";
				PRODUCT_BUNDLE_IDENTIFIER = com.kevin.KVBadgeUITests;
				PRODUCT_NAME = "$(TARGET_NAME)";
				TEST_TARGET_NAME = KVBadge;
				USES_XCTRUNNER = YES;
			};
			name = Release;
		};
/* End XCBuildConfiguration section */

/* Begin XCConfigurationList section */
		84163CD61CDC9299001B3944 /* Build configuration list for PBXProject "KVBadge" */ = {
			isa = XCConfigurationList;
			buildConfigurations = (
				84163D061CDC929A001B3944 /* Debug */,
				84163D071CDC929A001B3944 /* Release */,
			);
			defaultConfigurationIsVisible = 0;
			defaultConfigurationName = Release;
		};
		84163D081CDC929A001B3944 /* Build configuration list for PBXNativeTarget "KVBadge" */ = {
			isa = XCConfigurationList;
			buildConfigurations = (
				84163D091CDC929A001B3944 /* Debug */,
				84163D0A1CDC929A001B3944 /* Release */,
			);
			defaultConfigurationIsVisible = 0;
		};
		84163D0B1CDC929A001B3944 /* Build configuration list for PBXNativeTarget "KVBadgeTests" */ = {
			isa = XCConfigurationList;
			buildConfigurations = (
				84163D0C1CDC929A001B3944 /* Debug */,
				84163D0D1CDC929A001B3944 /* Release */,
			);
			defaultConfigurationIsVisible = 0;
		};
		84163D0E1CDC929A001B3944 /* Build configuration list for PBXNativeTarget "KVBadgeUITests" */ = {
			isa = XCConfigurationList;
			buildConfigurations = (
				84163D0F1CDC929A001B3944 /* Debug */,
				84163D101CDC929A001B3944 /* Release */,
			);
			defaultConfigurationIsVisible = 0;
		};
/* End XCConfigurationList section */
	};
	rootObject = 84163CD31CDC9299001B3944 /* Project object */;
}
